
Microsoft Visual Studio Solution File, Format Version 12.00
# Visual Studio Version 17
VisualStudioVersion = 17.14.37328.6 d17.14
MinimumVisualStudioVersion = 10.0.40219.1
Project("{FAE04EC0-301F-11D3-BF4B-00C04F79EFBC}") = "HashSet-Performance-Collection-And-Dry-Method", "HashSet-Performance-Collection-And-Dry-Method.csproj", "{EFB24ED8-BF11-45B1-A6EE-13027374EFA5}"
EndProject
Global
	GlobalSection(SolutionConfigurationPlatforms) = preSolution
		Debug|Any CPU = Debug|Any CPU
		Release|Any CPU = Release|Any CPU
	EndGlobalSection
	GlobalSection(ProjectConfigurationPlatforms) = postSolution
		{EFB24ED8-BF11-45B1-A6EE-13027374EFA5}.Debug|Any CPU.ActiveCfg = Debug|Any CPU
		{EFB24ED8-BF11-45B1-A6EE-13027374EFA5}.Debug|Any CPU.Build.0 = Debug|Any CPU
		{EFB24ED8-BF11-45B1-A6EE-13027374EFA5}.Release|Any CPU.ActiveCfg = Release|Any CPU
		{EFB24ED8-BF11-45B1-A6EE-13027374EFA5}.Release|Any CPU.Build.0 = Release|Any CPU
	EndGlobalSection
	GlobalSection(SolutionProperties) = preSolution
		HideSolutionNode = FALSE
	EndGlobalSection
	GlobalSection(ExtensibilityGlobals) = postSolution
		SolutionGuid = {571CDD28-EEBD-4B46-80F8-73B1BCC62DA1}
	EndGlobalSection
EndGlobal
