
Microsoft Visual Studio Solution File, Format Version 12.00
# Visual Studio Version 17
VisualStudioVersion = 17.14.37328.6 d17.14
MinimumVisualStudioVersion = 10.0.40219.1
Project("{FAE04EC0-301F-11D3-BF4B-00C04F79EFBC}") = "Struct-Value-Type-Behavior", "Struct-Value-Type-Behavior.csproj", "{64EACF6D-7AF6-4CA3-9B98-37B4A17B398E}"
EndProject
Global
	GlobalSection(SolutionConfigurationPlatforms) = preSolution
		Debug|Any CPU = Debug|Any CPU
		Release|Any CPU = Release|Any CPU
	EndGlobalSection
	GlobalSection(ProjectConfigurationPlatforms) = postSolution
		{64EACF6D-7AF6-4CA3-9B98-37B4A17B398E}.Debug|Any CPU.ActiveCfg = Debug|Any CPU
		{64EACF6D-7AF6-4CA3-9B98-37B4A17B398E}.Debug|Any CPU.Build.0 = Debug|Any CPU
		{64EACF6D-7AF6-4CA3-9B98-37B4A17B398E}.Release|Any CPU.ActiveCfg = Release|Any CPU
		{64EACF6D-7AF6-4CA3-9B98-37B4A17B398E}.Release|Any CPU.Build.0 = Release|Any CPU
	EndGlobalSection
	GlobalSection(SolutionProperties) = preSolution
		HideSolutionNode = FALSE
	EndGlobalSection
	GlobalSection(ExtensibilityGlobals) = postSolution
		SolutionGuid = {005159B5-0539-4862-9353-48B5B83BDA13}
	EndGlobalSection
EndGlobal
