
Microsoft Visual Studio Solution File, Format Version 12.00
# Visual Studio Version 17
VisualStudioVersion = 17.14.37328.6 d17.14
MinimumVisualStudioVersion = 10.0.40219.1
Project("{FAE04EC0-301F-11D3-BF4B-00C04F79EFBC}") = "Array-Initialization-And-Advanced-Methods", "Array-Initialization-And-Advanced-Methods.csproj", "{B74568EB-D029-4BA1-8E7F-17FC70D34572}"
EndProject
Global
	GlobalSection(SolutionConfigurationPlatforms) = preSolution
		Debug|Any CPU = Debug|Any CPU
		Release|Any CPU = Release|Any CPU
	EndGlobalSection
	GlobalSection(ProjectConfigurationPlatforms) = postSolution
		{B74568EB-D029-4BA1-8E7F-17FC70D34572}.Debug|Any CPU.ActiveCfg = Debug|Any CPU
		{B74568EB-D029-4BA1-8E7F-17FC70D34572}.Debug|Any CPU.Build.0 = Debug|Any CPU
		{B74568EB-D029-4BA1-8E7F-17FC70D34572}.Release|Any CPU.ActiveCfg = Release|Any CPU
		{B74568EB-D029-4BA1-8E7F-17FC70D34572}.Release|Any CPU.Build.0 = Release|Any CPU
	EndGlobalSection
	GlobalSection(SolutionProperties) = preSolution
		HideSolutionNode = FALSE
	EndGlobalSection
	GlobalSection(ExtensibilityGlobals) = postSolution
		SolutionGuid = {A537B6CD-0F4D-4B10-A914-9DDFA92F392A}
	EndGlobalSection
EndGlobal
