
Microsoft Visual Studio Solution File, Format Version 12.00
# Visual Studio Version 17
VisualStudioVersion = 17.14.37328.6 d17.14
MinimumVisualStudioVersion = 10.0.40219.1
Project("{FAE04EC0-301F-11D3-BF4B-00C04F79EFBC}") = "Queue-Fifo-Vowel-Simulation", "Queue-Fifo-Vowel-Simulation.csproj", "{874B296A-D0D5-4F41-94F9-E560591CD45F}"
EndProject
Global
	GlobalSection(SolutionConfigurationPlatforms) = preSolution
		Debug|Any CPU = Debug|Any CPU
		Release|Any CPU = Release|Any CPU
	EndGlobalSection
	GlobalSection(ProjectConfigurationPlatforms) = postSolution
		{874B296A-D0D5-4F41-94F9-E560591CD45F}.Debug|Any CPU.ActiveCfg = Debug|Any CPU
		{874B296A-D0D5-4F41-94F9-E560591CD45F}.Debug|Any CPU.Build.0 = Debug|Any CPU
		{874B296A-D0D5-4F41-94F9-E560591CD45F}.Release|Any CPU.ActiveCfg = Release|Any CPU
		{874B296A-D0D5-4F41-94F9-E560591CD45F}.Release|Any CPU.Build.0 = Release|Any CPU
	EndGlobalSection
	GlobalSection(SolutionProperties) = preSolution
		HideSolutionNode = FALSE
	EndGlobalSection
	GlobalSection(ExtensibilityGlobals) = postSolution
		SolutionGuid = {9376CC31-03A3-4CDA-A8AC-25DB79B642F6}
	EndGlobalSection
EndGlobal
