
Microsoft Visual Studio Solution File, Format Version 12.00
# Visual Studio Version 17
VisualStudioVersion = 17.14.37328.6 d17.14
MinimumVisualStudioVersion = 10.0.40219.1
Project("{FAE04EC0-301F-11D3-BF4B-00C04F79EFBC}") = "Matrix-Manipulation-And-Diagonal-Logic", "Matrix-Manipulation-And-Diagonal-Logic.csproj", "{99F71519-30C4-4144-B497-B2B345395C3B}"
EndProject
Global
	GlobalSection(SolutionConfigurationPlatforms) = preSolution
		Debug|Any CPU = Debug|Any CPU
		Release|Any CPU = Release|Any CPU
	EndGlobalSection
	GlobalSection(ProjectConfigurationPlatforms) = postSolution
		{99F71519-30C4-4144-B497-B2B345395C3B}.Debug|Any CPU.ActiveCfg = Debug|Any CPU
		{99F71519-30C4-4144-B497-B2B345395C3B}.Debug|Any CPU.Build.0 = Debug|Any CPU
		{99F71519-30C4-4144-B497-B2B345395C3B}.Release|Any CPU.ActiveCfg = Release|Any CPU
		{99F71519-30C4-4144-B497-B2B345395C3B}.Release|Any CPU.Build.0 = Release|Any CPU
	EndGlobalSection
	GlobalSection(SolutionProperties) = preSolution
		HideSolutionNode = FALSE
	EndGlobalSection
	GlobalSection(ExtensibilityGlobals) = postSolution
		SolutionGuid = {9CADB164-744D-42F8-8E43-71F9275D447D}
	EndGlobalSection
EndGlobal
