
Microsoft Visual Studio Solution File, Format Version 12.00
# Visual Studio Version 17
VisualStudioVersion = 17.14.37328.6 d17.14
MinimumVisualStudioVersion = 10.0.40219.1
Project("{FAE04EC0-301F-11D3-BF4B-00C04F79EFBC}") = "SortedDictionary-Nested-Book-Index", "SortedDictionary-Nested-Book-Index.csproj", "{A7BFDCC3-07C3-4336-A1A9-12DA05FFC80F}"
EndProject
Global
	GlobalSection(SolutionConfigurationPlatforms) = preSolution
		Debug|Any CPU = Debug|Any CPU
		Release|Any CPU = Release|Any CPU
	EndGlobalSection
	GlobalSection(ProjectConfigurationPlatforms) = postSolution
		{A7BFDCC3-07C3-4336-A1A9-12DA05FFC80F}.Debug|Any CPU.ActiveCfg = Debug|Any CPU
		{A7BFDCC3-07C3-4336-A1A9-12DA05FFC80F}.Debug|Any CPU.Build.0 = Debug|Any CPU
		{A7BFDCC3-07C3-4336-A1A9-12DA05FFC80F}.Release|Any CPU.ActiveCfg = Release|Any CPU
		{A7BFDCC3-07C3-4336-A1A9-12DA05FFC80F}.Release|Any CPU.Build.0 = Release|Any CPU
	EndGlobalSection
	GlobalSection(SolutionProperties) = preSolution
		HideSolutionNode = FALSE
	EndGlobalSection
	GlobalSection(ExtensibilityGlobals) = postSolution
		SolutionGuid = {AC234828-0D62-4D85-9BB0-962ADBE8607D}
	EndGlobalSection
EndGlobal
