
Microsoft Visual Studio Solution File, Format Version 12.00
# Visual Studio Version 17
VisualStudioVersion = 17.14.37328.6 d17.14
MinimumVisualStudioVersion = 10.0.40219.1
Project("{FAE04EC0-301F-11D3-BF4B-00C04F79EFBC}") = "Nested-Loops-Triangle-Pattern", "Nested-Loops-Triangle-Pattern.csproj", "{86169169-F399-4962-86D1-8313FB20CBB2}"
EndProject
Global
	GlobalSection(SolutionConfigurationPlatforms) = preSolution
		Debug|Any CPU = Debug|Any CPU
		Release|Any CPU = Release|Any CPU
	EndGlobalSection
	GlobalSection(ProjectConfigurationPlatforms) = postSolution
		{86169169-F399-4962-86D1-8313FB20CBB2}.Debug|Any CPU.ActiveCfg = Debug|Any CPU
		{86169169-F399-4962-86D1-8313FB20CBB2}.Debug|Any CPU.Build.0 = Debug|Any CPU
		{86169169-F399-4962-86D1-8313FB20CBB2}.Release|Any CPU.ActiveCfg = Release|Any CPU
		{86169169-F399-4962-86D1-8313FB20CBB2}.Release|Any CPU.Build.0 = Release|Any CPU
	EndGlobalSection
	GlobalSection(SolutionProperties) = preSolution
		HideSolutionNode = FALSE
	EndGlobalSection
	GlobalSection(ExtensibilityGlobals) = postSolution
		SolutionGuid = {137D627E-DE36-4F7E-AAE5-033426BE281C}
	EndGlobalSection
EndGlobal
